
Microsoft Visual Studio Solution File, Format Version 12.00
# Visual Studio Version 17
VisualStudioVersion = 17.1.32328.378
MinimumVisualStudioVersion = 10.0.40219.1
Project("{FAE04EC0-301F-11D3-BF4B-00C04F79EFBC}") = "semestralniPraceVezerianPeresta", "semestralniPraceVezerianPeresta.csproj", "{F49BBB98-29B7-4CCC-B249-2B2CA3B2FBFF}"
EndProject
Global
	GlobalSection(SolutionConfigurationPlatforms) = preSolution
		Debug|Any CPU = Debug|Any CPU
		Release|Any CPU = Release|Any CPU
	EndGlobalSection
	GlobalSection(ProjectConfigurationPlatforms) = postSolution
		{F49BBB98-29B7-4CCC-B249-2B2CA3B2FBFF}.Debug|Any CPU.ActiveCfg = Debug|Any CPU
		{F49BBB98-29B7-4CCC-B249-2B2CA3B2FBFF}.Debug|Any CPU.Build.0 = Debug|Any CPU
		{F49BBB98-29B7-4CCC-B249-2B2CA3B2FBFF}.Release|Any CPU.ActiveCfg = Release|Any CPU
		{F49BBB98-29B7-4CCC-B249-2B2CA3B2FBFF}.Release|Any CPU.Build.0 = Release|Any CPU
	EndGlobalSection
	GlobalSection(SolutionProperties) = preSolution
		HideSolutionNode = FALSE
	EndGlobalSection
	GlobalSection(ExtensibilityGlobals) = postSolution
		SolutionGuid = {E9B23701-3717-4181-9291-60111A01C97A}
	EndGlobalSection
EndGlobal
